
Microsoft Visual Studio Solution File, Format Version 12.00
# Visual Studio Version 17
VisualStudioVersion = 17.0.31903.59
MinimumVisualStudioVersion = 10.0.40219.1
Project("{FAE04EC0-301F-11D3-BF4B-00C04F79EFBC}") = "GestBanque", "GestBanque\GestBanque.csproj", "{DDAAC223-49C2-4F14-8037-FA9F13599BBD}"
EndProject
Project("{FAE04EC0-301F-11D3-BF4B-00C04F79EFBC}") = "Models", "Models\Models.csproj", "{101C339A-8E2C-4529-8605-2709E36DCAE8}"
EndProject
Global
	GlobalSection(SolutionConfigurationPlatforms) = preSolution
		Debug|Any CPU = Debug|Any CPU
		Release|Any CPU = Release|Any CPU
	EndGlobalSection
	GlobalSection(SolutionProperties) = preSolution
		HideSolutionNode = FALSE
	EndGlobalSection
	GlobalSection(ProjectConfigurationPlatforms) = postSolution
		{DDAAC223-49C2-4F14-8037-FA9F13599BBD}.Debug|Any CPU.ActiveCfg = Debug|Any CPU
		{DDAAC223-49C2-4F14-8037-FA9F13599BBD}.Debug|Any CPU.Build.0 = Debug|Any CPU
		{DDAAC223-49C2-4F14-8037-FA9F13599BBD}.Release|Any CPU.ActiveCfg = Release|Any CPU
		{DDAAC223-49C2-4F14-8037-FA9F13599BBD}.Release|Any CPU.Build.0 = Release|Any CPU
		{101C339A-8E2C-4529-8605-2709E36DCAE8}.Debug|Any CPU.ActiveCfg = Debug|Any CPU
		{101C339A-8E2C-4529-8605-2709E36DCAE8}.Debug|Any CPU.Build.0 = Debug|Any CPU
		{101C339A-8E2C-4529-8605-2709E36DCAE8}.Release|Any CPU.ActiveCfg = Release|Any CPU
		{101C339A-8E2C-4529-8605-2709E36DCAE8}.Release|Any CPU.Build.0 = Release|Any CPU
	EndGlobalSection
EndGlobal
